// !$*UTF8*$!
{
	archiveVersion = 1;
	classes = {
	};
	objectVersion = 56;
	objects = {

/* Begin PBXBuildFile section */
		420E7E2C2BE65904005E0860 /* ADM.swift in Sources */ = {isa = PBXBuildFile; fileRef = 420E7E2B2BE65904005E0860 /* ADM.swift */; };
		4293063F2BF116E700077E82 /* PropertyHandler.swift in Sources */ = {isa = PBXBuildFile; fileRef = 4293063E2BF116E700077E82 /* PropertyHandler.swift */; };
		42BB029A2BE6BF450060ACCE /* ArgumentParser in Frameworks */ = {isa = PBXBuildFile; productRef = 42BB02992BE6BF450060ACCE /* ArgumentParser */; };
		42BB029C2BE6BFEC0060ACCE /* AudioDevice.swift in Sources */ = {isa = PBXBuildFile; fileRef = 42BB029B2BE6BFEC0060ACCE /* AudioDevice.swift */; };
		42BB029E2BE6C0270060ACCE /* AudioDeviceManager.swift in Sources */ = {isa = PBXBuildFile; fileRef = 42BB029D2BE6C0270060ACCE /* AudioDeviceManager.swift */; };
		42E69FDF2BF2701E00B89859 /* AudioDeviceFlags.swift in Sources */ = {isa = PBXBuildFile; fileRef = 42E69FDE2BF2701E00B89859 /* AudioDeviceFlags.swift */; };
/* End PBXBuildFile section */

/* Begin PBXCopyFilesBuildPhase section */
		420E7E262BE65904005E0860 /* CopyFiles */ = {
			isa = PBXCopyFilesBuildPhase;
			buildActionMask = 2147483647;
			dstPath = /usr/share/man/man1/;
			dstSubfolderSpec = 0;
			files = (
			);
			runOnlyForDeploymentPostprocessing = 1;
		};
/* End PBXCopyFilesBuildPhase section */

/* Begin PBXFileReference section */
		420E7E282BE65904005E0860 /* ADM */ = {isa = PBXFileReference; explicitFileType = "compiled.mach-o.executable"; includeInIndex = 0; path = ADM; sourceTree = BUILT_PRODUCTS_DIR; };
		420E7E2B2BE65904005E0860 /* ADM.swift */ = {isa = PBXFileReference; lastKnownFileType = sourcecode.swift; path = ADM.swift; sourceTree = "<group>"; };
		4293063E2BF116E700077E82 /* PropertyHandler.swift */ = {isa = PBXFileReference; lastKnownFileType = sourcecode.swift; path = PropertyHandler.swift; sourceTree = "<group>"; };
		42BB029B2BE6BFEC0060ACCE /* AudioDevice.swift */ = {isa = PBXFileReference; lastKnownFileType = sourcecode.swift; path = AudioDevice.swift; sourceTree = "<group>"; };
		42BB029D2BE6C0270060ACCE /* AudioDeviceManager.swift */ = {isa = PBXFileReference; lastKnownFileType = sourcecode.swift; path = AudioDeviceManager.swift; sourceTree = "<group>"; };
		42E69FDE2BF2701E00B89859 /* AudioDeviceFlags.swift */ = {isa = PBXFileReference; lastKnownFileType = sourcecode.swift; path = AudioDeviceFlags.swift; sourceTree = "<group>"; };
/* End PBXFileReference section */

/* Begin PBXFrameworksBuildPhase section */
		420E7E252BE65904005E0860 /* Frameworks */ = {
			isa = PBXFrameworksBuildPhase;
			buildActionMask = 2147483647;
			files = (
				42BB029A2BE6BF450060ACCE /* ArgumentParser in Frameworks */,
			);
			runOnlyForDeploymentPostprocessing = 0;
		};
/* End PBXFrameworksBuildPhase section */

/* Begin PBXGroup section */
		420E7E1F2BE65904005E0860 = {
			isa = PBXGroup;
			children = (
				420E7E2A2BE65904005E0860 /* ADM */,
				420E7E292BE65904005E0860 /* Products */,
			);
			sourceTree = "<group>";
		};
		420E7E292BE65904005E0860 /* Products */ = {
			isa = PBXGroup;
			children = (
				420E7E282BE65904005E0860 /* ADM */,
			);
			name = Products;
			sourceTree = "<group>";
		};
		420E7E2A2BE65904005E0860 /* ADM */ = {
			isa = PBXGroup;
			children = (
				420E7E2B2BE65904005E0860 /* ADM.swift */,
				42BB029D2BE6C0270060ACCE /* AudioDeviceManager.swift */,
				42BB029B2BE6BFEC0060ACCE /* AudioDevice.swift */,
				4293063E2BF116E700077E82 /* PropertyHandler.swift */,
				42E69FDE2BF2701E00B89859 /* AudioDeviceFlags.swift */,
			);
			path = ADM;
			sourceTree = "<group>";
		};
/* End PBXGroup section */

/* Begin PBXNativeTarget section */
		420E7E272BE65904005E0860 /* ADM */ = {
			isa = PBXNativeTarget;
			buildConfigurationList = 420E7E2F2BE65904005E0860 /* Build configuration list for PBXNativeTarget "ADM" */;
			buildPhases = (
				420E7E242BE65904005E0860 /* Sources */,
				420E7E252BE65904005E0860 /* Frameworks */,
				420E7E262BE65904005E0860 /* CopyFiles */,
			);
			buildRules = (
			);
			dependencies = (
			);
			name = ADM;
			packageProductDependencies = (
				42BB02992BE6BF450060ACCE /* ArgumentParser */,
			);
			productName = ADM;
			productReference = 420E7E282BE65904005E0860 /* ADM */;
			productType = "com.apple.product-type.tool";
		};
/* End PBXNativeTarget section */

/* Begin PBXProject section */
		420E7E202BE65904005E0860 /* Project object */ = {
			isa = PBXProject;
			attributes = {
				BuildIndependentTargetsInParallel = 1;
				LastSwiftUpdateCheck = 1530;
				LastUpgradeCheck = 1540;
				TargetAttributes = {
					420E7E272BE65904005E0860 = {
						CreatedOnToolsVersion = 15.3;
					};
				};
			};
			buildConfigurationList = 420E7E232BE65904005E0860 /* Build configuration list for PBXProject "ADM" */;
			compatibilityVersion = "Xcode 14.0";
			developmentRegion = en;
			hasScannedForEncodings = 0;
			knownRegions = (
				en,
				Base,
			);
			mainGroup = 420E7E1F2BE65904005E0860;
			packageReferences = (
				42BB02982BE6BF450060ACCE /* XCRemoteSwiftPackageReference "swift-argument-parser" */,
			);
			productRefGroup = 420E7E292BE65904005E0860 /* Products */;
			projectDirPath = "";
			projectRoot = "";
			targets = (
				420E7E272BE65904005E0860 /* ADM */,
			);
		};
/* End PBXProject section */

/* Begin PBXSourcesBuildPhase section */
		420E7E242BE65904005E0860 /* Sources */ = {
			isa = PBXSourcesBuildPhase;
			buildActionMask = 2147483647;
			files = (
				42BB029C2BE6BFEC0060ACCE /* AudioDevice.swift in Sources */,
				420E7E2C2BE65904005E0860 /* ADM.swift in Sources */,
				42BB029E2BE6C0270060ACCE /* AudioDeviceManager.swift in Sources */,
				4293063F2BF116E700077E82 /* PropertyHandler.swift in Sources */,
				42E69FDF2BF2701E00B89859 /* AudioDeviceFlags.swift in Sources */,
			);
			runOnlyForDeploymentPostprocessing = 0;
		};
/* End PBXSourcesBuildPhase section */

/* Begin XCBuildConfiguration section */
		420E7E2D2BE65904005E0860 /* Debug */ = {
			isa = XCBuildConfiguration;
			buildSettings = {
				ALWAYS_SEARCH_USER_PATHS = NO;
				ASSETCATALOG_COMPILER_GENERATE_SWIFT_ASSET_SYMBOL_EXTENSIONS = YES;
				CLANG_ANALYZER_NONNULL = YES;
				CLANG_ANALYZER_NUMBER_OBJECT_CONVERSION = YES_AGGRESSIVE;
				CLANG_CXX_LANGUAGE_STANDARD = "gnu++20";
				CLANG_ENABLE_MODULES = YES;
				CLANG_ENABLE_OBJC_ARC = YES;
				CLANG_ENABLE_OBJC_WEAK = YES;
				CLANG_WARN_BLOCK_CAPTURE_AUTORELEASING = YES;
				CLANG_WARN_BOOL_CONVERSION = YES;
				CLANG_WARN_COMMA = YES;
				CLANG_WARN_CONSTANT_CONVERSION = YES;
				CLANG_WARN_DEPRECATED_OBJC_IMPLEMENTATIONS = YES;
				CLANG_WARN_DIRECT_OBJC_ISA_USAGE = YES_ERROR;
				CLANG_WARN_DOCUMENTATION_COMMENTS = YES;
				CLANG_WARN_EMPTY_BODY = YES;
				CLANG_WARN_ENUM_CONVERSION = YES;
				CLANG_WARN_INFINITE_RECURSION = YES;
				CLANG_WARN_INT_CONVERSION = YES;
				CLANG_WARN_NON_LITERAL_NULL_CONVERSION = YES;
				CLANG_WARN_OBJC_IMPLICIT_RETAIN_SELF = YES;
				CLANG_WARN_OBJC_LITERAL_CONVERSION = YES;
				CLANG_WARN_OBJC_ROOT_CLASS = YES_ERROR;
				CLANG_WARN_QUOTED_INCLUDE_IN_FRAMEWORK_HEADER = YES;
				CLANG_WARN_RANGE_LOOP_ANALYSIS = YES;
				CLANG_WARN_STRICT_PROTOTYPES = YES;
				CLANG_WARN_SUSPICIOUS_MOVE = YES;
				CLANG_WARN_UNGUARDED_AVAILABILITY = YES_AGGRESSIVE;
				CLANG_WARN_UNREACHABLE_CODE = YES;
				CLANG_WARN__DUPLICATE_METHOD_MATCH = YES;
				COPY_PHASE_STRIP = NO;
				DEAD_CODE_STRIPPING = YES;
				DEBUG_INFORMATION_FORMAT = dwarf;
				ENABLE_STRICT_OBJC_MSGSEND = YES;
				ENABLE_TESTABILITY = YES;
				ENABLE_USER_SCRIPT_SANDBOXING = YES;
				GCC_C_LANGUAGE_STANDARD = gnu17;
				GCC_DYNAMIC_NO_PIC = NO;
				GCC_NO_COMMON_BLOCKS = YES;
				GCC_OPTIMIZATION_LEVEL = 0;
				GCC_PREPROCESSOR_DEFINITIONS = (
					"DEBUG=1",
					"$(inherited)",
				);
				GCC_WARN_64_TO_32_BIT_CONVERSION = YES;
				GCC_WARN_ABOUT_RETURN_TYPE = YES_ERROR;
				GCC_WARN_UNDECLARED_SELECTOR = YES;
				GCC_WARN_UNINITIALIZED_AUTOS = YES_AGGRESSIVE;
				GCC_WARN_UNUSED_FUNCTION = YES;
				GCC_WARN_UNUSED_VARIABLE = YES;
				LOCALIZATION_PREFERS_STRING_CATALOGS = YES;
				MACOSX_DEPLOYMENT_TARGET = 14.4;
				MTL_ENABLE_DEBUG_INFO = INCLUDE_SOURCE;
				MTL_FAST_MATH = YES;
				ONLY_ACTIVE_ARCH = YES;
				SDKROOT = macosx;
				SWIFT_ACTIVE_COMPILATION_CONDITIONS = "DEBUG $(inherited)";
				SWIFT_OPTIMIZATION_LEVEL = "-Onone";
			};
			name = Debug;
		};
		420E7E2E2BE65904005E0860 /* Release */ = {
			isa = XCBuildConfiguration;
			buildSettings = {
				ALWAYS_SEARCH_USER_PATHS = NO;
				ASSETCATALOG_COMPILER_GENERATE_SWIFT_ASSET_SYMBOL_EXTENSIONS = YES;
				CLANG_ANALYZER_NONNULL = YES;
				CLANG_ANALYZER_NUMBER_OBJECT_CONVERSION = YES_AGGRESSIVE;
				CLANG_CXX_LANGUAGE_STANDARD = "gnu++20";
				CLANG_ENABLE_MODULES = YES;
				CLANG_ENABLE_OBJC_ARC = YES;
				CLANG_ENABLE_OBJC_WEAK = YES;
				CLANG_WARN_BLOCK_CAPTURE_AUTORELEASING = YES;
				CLANG_WARN_BOOL_CONVERSION = YES;
				CLANG_WARN_COMMA = YES;
				CLANG_WARN_CONSTANT_CONVERSION = YES;
				CLANG_WARN_DEPRECATED_OBJC_IMPLEMENTATIONS = YES;
				CLANG_WARN_DIRECT_OBJC_ISA_USAGE = YES_ERROR;
				CLANG_WARN_DOCUMENTATION_COMMENTS = YES;
				CLANG_WARN_EMPTY_BODY = YES;
				CLANG_WARN_ENUM_CONVERSION = YES;
				CLANG_WARN_INFINITE_RECURSION = YES;
				CLANG_WARN_INT_CONVERSION = YES;
				CLANG_WARN_NON_LITERAL_NULL_CONVERSION = YES;
				CLANG_WARN_OBJC_IMPLICIT_RETAIN_SELF = YES;
				CLANG_WARN_OBJC_LITERAL_CONVERSION = YES;
				CLANG_WARN_OBJC_ROOT_CLASS = YES_ERROR;
				CLANG_WARN_QUOTED_INCLUDE_IN_FRAMEWORK_HEADER = YES;
				CLANG_WARN_RANGE_LOOP_ANALYSIS = YES;
				CLANG_WARN_STRICT_PROTOTYPES = YES;
				CLANG_WARN_SUSPICIOUS_MOVE = YES;
				CLANG_WARN_UNGUARDED_AVAILABILITY = YES_AGGRESSIVE;
				CLANG_WARN_UNREACHABLE_CODE = YES;
				CLANG_WARN__DUPLICATE_METHOD_MATCH = YES;
				COPY_PHASE_STRIP = NO;
				DEAD_CODE_STRIPPING = YES;
				DEBUG_INFORMATION_FORMAT = "dwarf-with-dsym";
				ENABLE_NS_ASSERTIONS = NO;
				ENABLE_STRICT_OBJC_MSGSEND = YES;
				ENABLE_USER_SCRIPT_SANDBOXING = YES;
				GCC_C_LANGUAGE_STANDARD = gnu17;
				GCC_NO_COMMON_BLOCKS = YES;
				GCC_WARN_64_TO_32_BIT_CONVERSION = YES;
				GCC_WARN_ABOUT_RETURN_TYPE = YES_ERROR;
				GCC_WARN_UNDECLARED_SELECTOR = YES;
				GCC_WARN_UNINITIALIZED_AUTOS = YES_AGGRESSIVE;
				GCC_WARN_UNUSED_FUNCTION = YES;
				GCC_WARN_UNUSED_VARIABLE = YES;
				LOCALIZATION_PREFERS_STRING_CATALOGS = YES;
				MACOSX_DEPLOYMENT_TARGET = 14.4;
				MTL_ENABLE_DEBUG_INFO = NO;
				MTL_FAST_MATH = YES;
				SDKROOT = macosx;
				SWIFT_COMPILATION_MODE = wholemodule;
			};
			name = Release;
		};
		420E7E302BE65904005E0860 /* Debug */ = {
			isa = XCBuildConfiguration;
			buildSettings = {
				"CODE_SIGN_IDENTITY[sdk=macosx*]" = "Apple Development";
				CODE_SIGN_STYLE = Automatic;
				DEAD_CODE_STRIPPING = YES;
				DEVELOPMENT_TEAM = 8J2G689FCZ;
				ENABLE_HARDENED_RUNTIME = YES;
				PRODUCT_NAME = "$(TARGET_NAME)";
				SWIFT_VERSION = 5.0;
			};
			name = Debug;
		};
		420E7E312BE65904005E0860 /* Release */ = {
			isa = XCBuildConfiguration;
			buildSettings = {
				"CODE_SIGN_IDENTITY[sdk=macosx*]" = "Apple Development";
				CODE_SIGN_STYLE = Automatic;
				DEAD_CODE_STRIPPING = YES;
				DEVELOPMENT_TEAM = 8J2G689FCZ;
				ENABLE_HARDENED_RUNTIME = YES;
				PRODUCT_NAME = "$(TARGET_NAME)";
				SWIFT_VERSION = 5.0;
			};
			name = Release;
		};
/* End XCBuildConfiguration section */

/* Begin XCConfigurationList section */
		420E7E232BE65904005E0860 /* Build configuration list for PBXProject "ADM" */ = {
			isa = XCConfigurationList;
			buildConfigurations = (
				420E7E2D2BE65904005E0860 /* Debug */,
				420E7E2E2BE65904005E0860 /* Release */,
			);
			defaultConfigurationIsVisible = 0;
			defaultConfigurationName = Release;
		};
		420E7E2F2BE65904005E0860 /* Build configuration list for PBXNativeTarget "ADM" */ = {
			isa = XCConfigurationList;
			buildConfigurations = (
				420E7E302BE65904005E0860 /* Debug */,
				420E7E312BE65904005E0860 /* Release */,
			);
			defaultConfigurationIsVisible = 0;
			defaultConfigurationName = Release;
		};
/* End XCConfigurationList section */

/* Begin XCRemoteSwiftPackageReference section */
		42BB02982BE6BF450060ACCE /* XCRemoteSwiftPackageReference "swift-argument-parser" */ = {
			isa = XCRemoteSwiftPackageReference;
			repositoryURL = "https://github.com/apple/swift-argument-parser.git";
			requirement = {
				kind = upToNextMajorVersion;
				minimumVersion = 1.3.1;
			};
		};
/* End XCRemoteSwiftPackageReference section */

/* Begin XCSwiftPackageProductDependency section */
		42BB02992BE6BF450060ACCE /* ArgumentParser */ = {
			isa = XCSwiftPackageProductDependency;
			package = 42BB02982BE6BF450060ACCE /* XCRemoteSwiftPackageReference "swift-argument-parser" */;
			productName = ArgumentParser;
		};
/* End XCSwiftPackageProductDependency section */
	};
	rootObject = 420E7E202BE65904005E0860 /* Project object */;
}
